
Microsoft Visual Studio Solution File, Format Version 12.00
# Visual Studio Version 16
VisualStudioVersion = 16.0.32228.547
MinimumVisualStudioVersion = 10.0.40219.1
Project("{FAE04EC0-301F-11D3-BF4B-00C04F79EFBC}") = "asembleWithProject", "asembleWithProject\asembleWithProject.csproj", "{0F90E47C-CCC3-4F2A-82BF-61B85A0F00A7}"
EndProject
Global
	GlobalSection(SolutionConfigurationPlatforms) = preSolution
		Debug|Any CPU = Debug|Any CPU
		Release|Any CPU = Release|Any CPU
	EndGlobalSection
	GlobalSection(ProjectConfigurationPlatforms) = postSolution
		{0F90E47C-CCC3-4F2A-82BF-61B85A0F00A7}.Debug|Any CPU.ActiveCfg = Debug|Any CPU
		{0F90E47C-CCC3-4F2A-82BF-61B85A0F00A7}.Debug|Any CPU.Build.0 = Debug|Any CPU
		{0F90E47C-CCC3-4F2A-82BF-61B85A0F00A7}.Release|Any CPU.ActiveCfg = Release|Any CPU
		{0F90E47C-CCC3-4F2A-82BF-61B85A0F00A7}.Release|Any CPU.Build.0 = Release|Any CPU
	EndGlobalSection
	GlobalSection(SolutionProperties) = preSolution
		HideSolutionNode = FALSE
	EndGlobalSection
	GlobalSection(ExtensibilityGlobals) = postSolution
		SolutionGuid = {0BE45308-6CC0-457D-A008-1FD196D1EA58}
	EndGlobalSection
EndGlobal
